
Microsoft Visual Studio Solution File, Format Version 12.00
# Visual Studio Version 17
VisualStudioVersion = 17.0.32014.148
MinimumVisualStudioVersion = 10.0.40219.1
Project("{FAE04EC0-301F-11D3-BF4B-00C04F79EFBC}") = "AoC2022.Day01", "AoC2022.Day01\AoC2022.Day01.csproj", "{312C8B77-0E84-43BD-B37D-059DF80FDAF1}"
EndProject
Global
	GlobalSection(SolutionConfigurationPlatforms) = preSolution
		Debug|Any CPU = Debug|Any CPU
		Release|Any CPU = Release|Any CPU
	EndGlobalSection
	GlobalSection(ProjectConfigurationPlatforms) = postSolution
		{312C8B77-0E84-43BD-B37D-059DF80FDAF1}.Debug|Any CPU.ActiveCfg = Debug|Any CPU
		{312C8B77-0E84-43BD-B37D-059DF80FDAF1}.Debug|Any CPU.Build.0 = Debug|Any CPU
		{312C8B77-0E84-43BD-B37D-059DF80FDAF1}.Release|Any CPU.ActiveCfg = Release|Any CPU
		{312C8B77-0E84-43BD-B37D-059DF80FDAF1}.Release|Any CPU.Build.0 = Release|Any CPU
	EndGlobalSection
	GlobalSection(SolutionProperties) = preSolution
		HideSolutionNode = FALSE
	EndGlobalSection
	GlobalSection(ExtensibilityGlobals) = postSolution
		SolutionGuid = {79508927-E24F-4A4E-8003-753581D95CB7}
	EndGlobalSection
EndGlobal
